// !$*UTF8*$!
{
	archiveVersion = 1;
	classes = {
	};
	objectVersion = 50;
	objects = {

/* Begin PBXBuildFile section */
		24BAEEF326D7C645007FAD03 /* AppDelegate.swift in Sources */ = {isa = PBXBuildFile; fileRef = 24BAEEF226D7C645007FAD03 /* AppDelegate.swift */; };
		24BAEEF526D7C645007FAD03 /* SceneDelegate.swift in Sources */ = {isa = PBXBuildFile; fileRef = 24BAEEF426D7C645007FAD03 /* SceneDelegate.swift */; };
		24BAEEFA26D7C645007FAD03 /* Main.storyboard in Resources */ = {isa = PBXBuildFile; fileRef = 24BAEEF826D7C645007FAD03 /* Main.storyboard */; };
		24BAEEFC26D7C647007FAD03 /* Assets.xcassets in Resources */ = {isa = PBXBuildFile; fileRef = 24BAEEFB26D7C647007FAD03 /* Assets.xcassets */; };
		24BAEEFF26D7C647007FAD03 /* LaunchScreen.storyboard in Resources */ = {isa = PBXBuildFile; fileRef = 24BAEEFD26D7C647007FAD03 /* LaunchScreen.storyboard */; };
		24BAEF0A26D7C647007FAD03 /* Kadai7Tests.swift in Sources */ = {isa = PBXBuildFile; fileRef = 24BAEF0926D7C647007FAD03 /* Kadai7Tests.swift */; };
		24BAEF1526D7C647007FAD03 /* Kadai7UITests.swift in Sources */ = {isa = PBXBuildFile; fileRef = 24BAEF1426D7C647007FAD03 /* Kadai7UITests.swift */; };
		24BAEF2826D7E276007FAD03 /* IntegrateTabs.storyboard in Resources */ = {isa = PBXBuildFile; fileRef = 24BAEF2726D7E276007FAD03 /* IntegrateTabs.storyboard */; };
		24BAEF2A26D7E284007FAD03 /* Addition.storyboard in Resources */ = {isa = PBXBuildFile; fileRef = 24BAEF2926D7E284007FAD03 /* Addition.storyboard */; };
		24BAEF2C26D7E291007FAD03 /* Subtraction.storyboard in Resources */ = {isa = PBXBuildFile; fileRef = 24BAEF2B26D7E291007FAD03 /* Subtraction.storyboard */; };
		24BAEF2E26D7E2A6007FAD03 /* AdditionViewController.swift in Sources */ = {isa = PBXBuildFile; fileRef = 24BAEF2D26D7E2A6007FAD03 /* AdditionViewController.swift */; };
		24BAEF3026D7E2B8007FAD03 /* SubtractionViewController.swift in Sources */ = {isa = PBXBuildFile; fileRef = 24BAEF2F26D7E2B8007FAD03 /* SubtractionViewController.swift */; };
		24BAEF3226D7EA12007FAD03 /* Calculate.swift in Sources */ = {isa = PBXBuildFile; fileRef = 24BAEF3126D7EA12007FAD03 /* Calculate.swift */; };
/* End PBXBuildFile section */

/* Begin PBXContainerItemProxy section */
		24BAEF0626D7C647007FAD03 /* PBXContainerItemProxy */ = {
			isa = PBXContainerItemProxy;
			containerPortal = 24BAEEE726D7C645007FAD03 /* Project object */;
			proxyType = 1;
			remoteGlobalIDString = 24BAEEEE26D7C645007FAD03;
			remoteInfo = Kadai7;
		};
		24BAEF1126D7C647007FAD03 /* PBXContainerItemProxy */ = {
			isa = PBXContainerItemProxy;
			containerPortal = 24BAEEE726D7C645007FAD03 /* Project object */;
			proxyType = 1;
			remoteGlobalIDString = 24BAEEEE26D7C645007FAD03;
			remoteInfo = Kadai7;
		};
/* End PBXContainerItemProxy section */

/* Begin PBXFileReference section */
		24BAEEEF26D7C645007FAD03 /* Kadai7.app */ = {isa = PBXFileReference; explicitFileType = wrapper.application; includeInIndex = 0; path = Kadai7.app; sourceTree = BUILT_PRODUCTS_DIR; };
		24BAEEF226D7C645007FAD03 /* AppDelegate.swift */ = {isa = PBXFileReference; lastKnownFileType = sourcecode.swift; path = AppDelegate.swift; sourceTree = "<group>"; };
		24BAEEF426D7C645007FAD03 /* SceneDelegate.swift */ = {isa = PBXFileReference; lastKnownFileType = sourcecode.swift; path = SceneDelegate.swift; sourceTree = "<group>"; };
		24BAEEF926D7C645007FAD03 /* Base */ = {isa = PBXFileReference; lastKnownFileType = file.storyboard; name = Base; path = Base.lproj/Main.storyboard; sourceTree = "<group>"; };
		24BAEEFB26D7C647007FAD03 /* Assets.xcassets */ = {isa = PBXFileReference; lastKnownFileType = folder.assetcatalog; path = Assets.xcassets; sourceTree = "<group>"; };
		24BAEEFE26D7C647007FAD03 /* Base */ = {isa = PBXFileReference; lastKnownFileType = file.storyboard; name = Base; path = Base.lproj/LaunchScreen.storyboard; sourceTree = "<group>"; };
		24BAEF0026D7C647007FAD03 /* Info.plist */ = {isa = PBXFileReference; lastKnownFileType = text.plist.xml; path = Info.plist; sourceTree = "<group>"; };
		24BAEF0526D7C647007FAD03 /* Kadai7Tests.xctest */ = {isa = PBXFileReference; explicitFileType = wrapper.cfbundle; includeInIndex = 0; path = Kadai7Tests.xctest; sourceTree = BUILT_PRODUCTS_DIR; };
		24BAEF0926D7C647007FAD03 /* Kadai7Tests.swift */ = {isa = PBXFileReference; lastKnownFileType = sourcecode.swift; path = Kadai7Tests.swift; sourceTree = "<group>"; };
		24BAEF0B26D7C647007FAD03 /* Info.plist */ = {isa = PBXFileReference; lastKnownFileType = text.plist.xml; path = Info.plist; sourceTree = "<group>"; };
		24BAEF1026D7C647007FAD03 /* Kadai7UITests.xctest */ = {isa = PBXFileReference; explicitFileType = wrapper.cfbundle; includeInIndex = 0; path = Kadai7UITests.xctest; sourceTree = BUILT_PRODUCTS_DIR; };
		24BAEF1426D7C647007FAD03 /* Kadai7UITests.swift */ = {isa = PBXFileReference; lastKnownFileType = sourcecode.swift; path = Kadai7UITests.swift; sourceTree = "<group>"; };
		24BAEF1626D7C647007FAD03 /* Info.plist */ = {isa = PBXFileReference; lastKnownFileType = text.plist.xml; path = Info.plist; sourceTree = "<group>"; };
		24BAEF2726D7E276007FAD03 /* IntegrateTabs.storyboard */ = {isa = PBXFileReference; lastKnownFileType = file.storyboard; path = IntegrateTabs.storyboard; sourceTree = "<group>"; };
		24BAEF2926D7E284007FAD03 /* Addition.storyboard */ = {isa = PBXFileReference; lastKnownFileType = file.storyboard; path = Addition.storyboard; sourceTree = "<group>"; };
		24BAEF2B26D7E291007FAD03 /* Subtraction.storyboard */ = {isa = PBXFileReference; lastKnownFileType = file.storyboard; path = Subtraction.storyboard; sourceTree = "<group>"; };
		24BAEF2D26D7E2A6007FAD03 /* AdditionViewController.swift */ = {isa = PBXFileReference; lastKnownFileType = sourcecode.swift; path = AdditionViewController.swift; sourceTree = "<group>"; };
		24BAEF2F26D7E2B8007FAD03 /* SubtractionViewController.swift */ = {isa = PBXFileReference; lastKnownFileType = sourcecode.swift; path = SubtractionViewController.swift; sourceTree = "<group>"; };
		24BAEF3126D7EA12007FAD03 /* Calculate.swift */ = {isa = PBXFileReference; lastKnownFileType = sourcecode.swift; path = Calculate.swift; sourceTree = "<group>"; };
/* End PBXFileReference section */

/* Begin PBXFrameworksBuildPhase section */
		24BAEEEC26D7C645007FAD03 /* Frameworks */ = {
			isa = PBXFrameworksBuildPhase;
			buildActionMask = 2147483647;
			files = (
			);
			runOnlyForDeploymentPostprocessing = 0;
		};
		24BAEF0226D7C647007FAD03 /* Frameworks */ = {
			isa = PBXFrameworksBuildPhase;
			buildActionMask = 2147483647;
			files = (
			);
			runOnlyForDeploymentPostprocessing = 0;
		};
		24BAEF0D26D7C647007FAD03 /* Frameworks */ = {
			isa = PBXFrameworksBuildPhase;
			buildActionMask = 2147483647;
			files = (
			);
			runOnlyForDeploymentPostprocessing = 0;
		};
/* End PBXFrameworksBuildPhase section */

/* Begin PBXGroup section */
		24BAEEE626D7C645007FAD03 = {
			isa = PBXGroup;
			children = (
				24BAEEF126D7C645007FAD03 /* Kadai7 */,
				24BAEF0826D7C647007FAD03 /* Kadai7Tests */,
				24BAEF1326D7C647007FAD03 /* Kadai7UITests */,
				24BAEEF026D7C645007FAD03 /* Products */,
			);
			sourceTree = "<group>";
		};
		24BAEEF026D7C645007FAD03 /* Products */ = {
			isa = PBXGroup;
			children = (
				24BAEEEF26D7C645007FAD03 /* Kadai7.app */,
				24BAEF0526D7C647007FAD03 /* Kadai7Tests.xctest */,
				24BAEF1026D7C647007FAD03 /* Kadai7UITests.xctest */,
			);
			name = Products;
			sourceTree = "<group>";
		};
		24BAEEF126D7C645007FAD03 /* Kadai7 */ = {
			isa = PBXGroup;
			children = (
				24BAEF2526D7E250007FAD03 /* Models */,
				24BAEF2426D7E249007FAD03 /* Views */,
				24BAEF2326D7E239007FAD03 /* Controllers */,
				24BAEEF226D7C645007FAD03 /* AppDelegate.swift */,
				24BAEEF426D7C645007FAD03 /* SceneDelegate.swift */,
				24BAEEF826D7C645007FAD03 /* Main.storyboard */,
				24BAEEFB26D7C647007FAD03 /* Assets.xcassets */,
				24BAEEFD26D7C647007FAD03 /* LaunchScreen.storyboard */,
				24BAEF0026D7C647007FAD03 /* Info.plist */,
			);
			path = Kadai7;
			sourceTree = "<group>";
		};
		24BAEF0826D7C647007FAD03 /* Kadai7Tests */ = {
			isa = PBXGroup;
			children = (
				24BAEF0926D7C647007FAD03 /* Kadai7Tests.swift */,
				24BAEF0B26D7C647007FAD03 /* Info.plist */,
			);
			path = Kadai7Tests;
			sourceTree = "<group>";
		};
		24BAEF1326D7C647007FAD03 /* Kadai7UITests */ = {
			isa = PBXGroup;
			children = (
				24BAEF1426D7C647007FAD03 /* Kadai7UITests.swift */,
				24BAEF1626D7C647007FAD03 /* Info.plist */,
			);
			path = Kadai7UITests;
			sourceTree = "<group>";
		};
		24BAEF2326D7E239007FAD03 /* Controllers */ = {
			isa = PBXGroup;
			children = (
				24BAEF2D26D7E2A6007FAD03 /* AdditionViewController.swift */,
				24BAEF2F26D7E2B8007FAD03 /* SubtractionViewController.swift */,
			);
			path = Controllers;
			sourceTree = "<group>";
		};
		24BAEF2426D7E249007FAD03 /* Views */ = {
			isa = PBXGroup;
			children = (
				24BAEF2726D7E276007FAD03 /* IntegrateTabs.storyboard */,
				24BAEF2926D7E284007FAD03 /* Addition.storyboard */,
				24BAEF2B26D7E291007FAD03 /* Subtraction.storyboard */,
			);
			path = Views;
			sourceTree = "<group>";
		};
		24BAEF2526D7E250007FAD03 /* Models */ = {
			isa = PBXGroup;
			children = (
				24BAEF3126D7EA12007FAD03 /* Calculate.swift */,
			);
			path = Models;
			sourceTree = "<group>";
		};
/* End PBXGroup section */

/* Begin PBXNativeTarget section */
		24BAEEEE26D7C645007FAD03 /* Kadai7 */ = {
			isa = PBXNativeTarget;
			buildConfigurationList = 24BAEF1926D7C647007FAD03 /* Build configuration list for PBXNativeTarget "Kadai7" */;
			buildPhases = (
				24BAEEEB26D7C645007FAD03 /* Sources */,
				24BAEEEC26D7C645007FAD03 /* Frameworks */,
				24BAEEED26D7C645007FAD03 /* Resources */,
				24BAEF2226D7C76D007FAD03 /* Swift Lint */,
			);
			buildRules = (
			);
			dependencies = (
			);
			name = Kadai7;
			productName = Kadai7;
			productReference = 24BAEEEF26D7C645007FAD03 /* Kadai7.app */;
			productType = "com.apple.product-type.application";
		};
		24BAEF0426D7C647007FAD03 /* Kadai7Tests */ = {
			isa = PBXNativeTarget;
			buildConfigurationList = 24BAEF1C26D7C647007FAD03 /* Build configuration list for PBXNativeTarget "Kadai7Tests" */;
			buildPhases = (
				24BAEF0126D7C647007FAD03 /* Sources */,
				24BAEF0226D7C647007FAD03 /* Frameworks */,
				24BAEF0326D7C647007FAD03 /* Resources */,
			);
			buildRules = (
			);
			dependencies = (
				24BAEF0726D7C647007FAD03 /* PBXTargetDependency */,
			);
			name = Kadai7Tests;
			productName = Kadai7Tests;
			productReference = 24BAEF0526D7C647007FAD03 /* Kadai7Tests.xctest */;
			productType = "com.apple.product-type.bundle.unit-test";
		};
		24BAEF0F26D7C647007FAD03 /* Kadai7UITests */ = {
			isa = PBXNativeTarget;
			buildConfigurationList = 24BAEF1F26D7C647007FAD03 /* Build configuration list for PBXNativeTarget "Kadai7UITests" */;
			buildPhases = (
				24BAEF0C26D7C647007FAD03 /* Sources */,
				24BAEF0D26D7C647007FAD03 /* Frameworks */,
				24BAEF0E26D7C647007FAD03 /* Resources */,
			);
			buildRules = (
			);
			dependencies = (
				24BAEF1226D7C647007FAD03 /* PBXTargetDependency */,
			);
			name = Kadai7UITests;
			productName = Kadai7UITests;
			productReference = 24BAEF1026D7C647007FAD03 /* Kadai7UITests.xctest */;
			productType = "com.apple.product-type.bundle.ui-testing";
		};
/* End PBXNativeTarget section */

/* Begin PBXProject section */
		24BAEEE726D7C645007FAD03 /* Project object */ = {
			isa = PBXProject;
			attributes = {
				LastSwiftUpdateCheck = 1250;
				LastUpgradeCheck = 1250;
				TargetAttributes = {
					24BAEEEE26D7C645007FAD03 = {
						CreatedOnToolsVersion = 12.5.1;
					};
					24BAEF0426D7C647007FAD03 = {
						CreatedOnToolsVersion = 12.5.1;
						TestTargetID = 24BAEEEE26D7C645007FAD03;
					};
					24BAEF0F26D7C647007FAD03 = {
						CreatedOnToolsVersion = 12.5.1;
						TestTargetID = 24BAEEEE26D7C645007FAD03;
					};
				};
			};
			buildConfigurationList = 24BAEEEA26D7C645007FAD03 /* Build configuration list for PBXProject "Kadai7" */;
			compatibilityVersion = "Xcode 9.3";
			developmentRegion = en;
			hasScannedForEncodings = 0;
			knownRegions = (
				en,
				Base,
			);
			mainGroup = 24BAEEE626D7C645007FAD03;
			productRefGroup = 24BAEEF026D7C645007FAD03 /* Products */;
			projectDirPath = "";
			projectRoot = "";
			targets = (
				24BAEEEE26D7C645007FAD03 /* Kadai7 */,
				24BAEF0426D7C647007FAD03 /* Kadai7Tests */,
				24BAEF0F26D7C647007FAD03 /* Kadai7UITests */,
			);
		};
/* End PBXProject section */

/* Begin PBXResourcesBuildPhase section */
		24BAEEED26D7C645007FAD03 /* Resources */ = {
			isa = PBXResourcesBuildPhase;
			buildActionMask = 2147483647;
			files = (
				24BAEF2A26D7E284007FAD03 /* Addition.storyboard in Resources */,
				24BAEF2826D7E276007FAD03 /* IntegrateTabs.storyboard in Resources */,
				24BAEEFF26D7C647007FAD03 /* LaunchScreen.storyboard in Resources */,
				24BAEF2C26D7E291007FAD03 /* Subtraction.storyboard in Resources */,
				24BAEEFC26D7C647007FAD03 /* Assets.xcassets in Resources */,
				24BAEEFA26D7C645007FAD03 /* Main.storyboard in Resources */,
			);
			runOnlyForDeploymentPostprocessing = 0;
		};
		24BAEF0326D7C647007FAD03 /* Resources */ = {
			isa = PBXResourcesBuildPhase;
			buildActionMask = 2147483647;
			files = (
			);
			runOnlyForDeploymentPostprocessing = 0;
		};
		24BAEF0E26D7C647007FAD03 /* Resources */ = {
			isa = PBXResourcesBuildPhase;
			buildActionMask = 2147483647;
			files = (
			);
			runOnlyForDeploymentPostprocessing = 0;
		};
/* End PBXResourcesBuildPhase section */

/* Begin PBXShellScriptBuildPhase section */
		24BAEF2226D7C76D007FAD03 /* Swift Lint */ = {
			isa = PBXShellScriptBuildPhase;
			buildActionMask = 2147483647;
			files = (
			);
			inputFileListPaths = (
			);
			inputPaths = (
			);
			name = "Swift Lint";
			outputFileListPaths = (
			);
			outputPaths = (
			);
			runOnlyForDeploymentPostprocessing = 0;
			shellPath = /bin/sh;
			shellScript = "if which swiftlint >/dev/null; then\n  swiftlint\nelse\n  echo \"SwiftLint does not exist, download from https://github.com/realm/SwiftLint\"\nfi\n";
		};
/* End PBXShellScriptBuildPhase section */

/* Begin PBXSourcesBuildPhase section */
		24BAEEEB26D7C645007FAD03 /* Sources */ = {
			isa = PBXSourcesBuildPhase;
			buildActionMask = 2147483647;
			files = (
				24BAEF3226D7EA12007FAD03 /* Calculate.swift in Sources */,
				24BAEEF326D7C645007FAD03 /* AppDelegate.swift in Sources */,
				24BAEF2E26D7E2A6007FAD03 /* AdditionViewController.swift in Sources */,
				24BAEF3026D7E2B8007FAD03 /* SubtractionViewController.swift in Sources */,
				24BAEEF526D7C645007FAD03 /* SceneDelegate.swift in Sources */,
			);
			runOnlyForDeploymentPostprocessing = 0;
		};
		24BAEF0126D7C647007FAD03 /* Sources */ = {
			isa = PBXSourcesBuildPhase;
			buildActionMask = 2147483647;
			files = (
				24BAEF0A26D7C647007FAD03 /* Kadai7Tests.swift in Sources */,
			);
			runOnlyForDeploymentPostprocessing = 0;
		};
		24BAEF0C26D7C647007FAD03 /* Sources */ = {
			isa = PBXSourcesBuildPhase;
			buildActionMask = 2147483647;
			files = (
				24BAEF1526D7C647007FAD03 /* Kadai7UITests.swift in Sources */,
			);
			runOnlyForDeploymentPostprocessing = 0;
		};
/* End PBXSourcesBuildPhase section */

/* Begin PBXTargetDependency section */
		24BAEF0726D7C647007FAD03 /* PBXTargetDependency */ = {
			isa = PBXTargetDependency;
			target = 24BAEEEE26D7C645007FAD03 /* Kadai7 */;
			targetProxy = 24BAEF0626D7C647007FAD03 /* PBXContainerItemProxy */;
		};
		24BAEF1226D7C647007FAD03 /* PBXTargetDependency */ = {
			isa = PBXTargetDependency;
			target = 24BAEEEE26D7C645007FAD03 /* Kadai7 */;
			targetProxy = 24BAEF1126D7C647007FAD03 /* PBXContainerItemProxy */;
		};
/* End PBXTargetDependency section */

/* Begin PBXVariantGroup section */
		24BAEEF826D7C645007FAD03 /* Main.storyboard */ = {
			isa = PBXVariantGroup;
			children = (
				24BAEEF926D7C645007FAD03 /* Base */,
			);
			name = Main.storyboard;
			sourceTree = "<group>";
		};
		24BAEEFD26D7C647007FAD03 /* LaunchScreen.storyboard */ = {
			isa = PBXVariantGroup;
			children = (
				24BAEEFE26D7C647007FAD03 /* Base */,
			);
			name = LaunchScreen.storyboard;
			sourceTree = "<group>";
		};
/* End PBXVariantGroup section */

/* Begin XCBuildConfiguration section */
		24BAEF1726D7C647007FAD03 /* Debug */ = {
			isa = XCBuildConfiguration;
			buildSettings = {
				ALWAYS_SEARCH_USER_PATHS = NO;
				CLANG_ANALYZER_NONNULL = YES;
				CLANG_ANALYZER_NUMBER_OBJECT_CONVERSION = YES_AGGRESSIVE;
				CLANG_CXX_LANGUAGE_STANDARD = "gnu++14";
				CLANG_CXX_LIBRARY = "libc++";
				CLANG_ENABLE_MODULES = YES;
				CLANG_ENABLE_OBJC_ARC = YES;
				CLANG_ENABLE_OBJC_WEAK = YES;
				CLANG_WARN_BLOCK_CAPTURE_AUTORELEASING = YES;
				CLANG_WARN_BOOL_CONVERSION = YES;
				CLANG_WARN_COMMA = YES;
				CLANG_WARN_CONSTANT_CONVERSION = YES;
				CLANG_WARN_DEPRECATED_OBJC_IMPLEMENTATIONS = YES;
				CLANG_WARN_DIRECT_OBJC_ISA_USAGE = YES_ERROR;
				CLANG_WARN_DOCUMENTATION_COMMENTS = YES;
				CLANG_WARN_EMPTY_BODY = YES;
				CLANG_WARN_ENUM_CONVERSION = YES;
				CLANG_WARN_INFINITE_RECURSION = YES;
				CLANG_WARN_INT_CONVERSION = YES;
				CLANG_WARN_NON_LITERAL_NULL_CONVERSION = YES;
				CLANG_WARN_OBJC_IMPLICIT_RETAIN_SELF = YES;
				CLANG_WARN_OBJC_LITERAL_CONVERSION = YES;
				CLANG_WARN_OBJC_ROOT_CLASS = YES_ERROR;
				CLANG_WARN_QUOTED_INCLUDE_IN_FRAMEWORK_HEADER = YES;
				CLANG_WARN_RANGE_LOOP_ANALYSIS = YES;
				CLANG_WARN_STRICT_PROTOTYPES = YES;
				CLANG_WARN_SUSPICIOUS_MOVE = YES;
				CLANG_WARN_UNGUARDED_AVAILABILITY = YES_AGGRESSIVE;
				CLANG_WARN_UNREACHABLE_CODE = YES;
				CLANG_WARN__DUPLICATE_METHOD_MATCH = YES;
				COPY_PHASE_STRIP = NO;
				DEBUG_INFORMATION_FORMAT = dwarf;
				ENABLE_STRICT_OBJC_MSGSEND = YES;
				ENABLE_TESTABILITY = YES;
				GCC_C_LANGUAGE_STANDARD = gnu11;
				GCC_DYNAMIC_NO_PIC = NO;
				GCC_NO_COMMON_BLOCKS = YES;
				GCC_OPTIMIZATION_LEVEL = 0;
				GCC_PREPROCESSOR_DEFINITIONS = (
					"DEBUG=1",
					"$(inherited)",
				);
				GCC_WARN_64_TO_32_BIT_CONVERSION = YES;
				GCC_WARN_ABOUT_RETURN_TYPE = YES_ERROR;
				GCC_WARN_UNDECLARED_SELECTOR = YES;
				GCC_WARN_UNINITIALIZED_AUTOS = YES_AGGRESSIVE;
				GCC_WARN_UNUSED_FUNCTION = YES;
				GCC_WARN_UNUSED_VARIABLE = YES;
				IPHONEOS_DEPLOYMENT_TARGET = 14.5;
				MTL_ENABLE_DEBUG_INFO = INCLUDE_SOURCE;
				MTL_FAST_MATH = YES;
				ONLY_ACTIVE_ARCH = YES;
				SDKROOT = iphoneos;
				SWIFT_ACTIVE_COMPILATION_CONDITIONS = DEBUG;
				SWIFT_OPTIMIZATION_LEVEL = "-Onone";
			};
			name = Debug;
		};
		24BAEF1826D7C647007FAD03 /* Release */ = {
			isa = XCBuildConfiguration;
			buildSettings = {
				ALWAYS_SEARCH_USER_PATHS = NO;
				CLANG_ANALYZER_NONNULL = YES;
				CLANG_ANALYZER_NUMBER_OBJECT_CONVERSION = YES_AGGRESSIVE;
				CLANG_CXX_LANGUAGE_STANDARD = "gnu++14";
				CLANG_CXX_LIBRARY = "libc++";
				CLANG_ENABLE_MODULES = YES;
				CLANG_ENABLE_OBJC_ARC = YES;
				CLANG_ENABLE_OBJC_WEAK = YES;
				CLANG_WARN_BLOCK_CAPTURE_AUTORELEASING = YES;
				CLANG_WARN_BOOL_CONVERSION = YES;
				CLANG_WARN_COMMA = YES;
				CLANG_WARN_CONSTANT_CONVERSION = YES;
				CLANG_WARN_DEPRECATED_OBJC_IMPLEMENTATIONS = YES;
				CLANG_WARN_DIRECT_OBJC_ISA_USAGE = YES_ERROR;
				CLANG_WARN_DOCUMENTATION_COMMENTS = YES;
				CLANG_WARN_EMPTY_BODY = YES;
				CLANG_WARN_ENUM_CONVERSION = YES;
				CLANG_WARN_INFINITE_RECURSION = YES;
				CLANG_WARN_INT_CONVERSION = YES;
				CLANG_WARN_NON_LITERAL_NULL_CONVERSION = YES;
				CLANG_WARN_OBJC_IMPLICIT_RETAIN_SELF = YES;
				CLANG_WARN_OBJC_LITERAL_CONVERSION = YES;
				CLANG_WARN_OBJC_ROOT_CLASS = YES_ERROR;
				CLANG_WARN_QUOTED_INCLUDE_IN_FRAMEWORK_HEADER = YES;
				CLANG_WARN_RANGE_LOOP_ANALYSIS = YES;
				CLANG_WARN_STRICT_PROTOTYPES = YES;
				CLANG_WARN_SUSPICIOUS_MOVE = YES;
				CLANG_WARN_UNGUARDED_AVAILABILITY = YES_AGGRESSIVE;
				CLANG_WARN_UNREACHABLE_CODE = YES;
				CLANG_WARN__DUPLICATE_METHOD_MATCH = YES;
				COPY_PHASE_STRIP = NO;
				DEBUG_INFORMATION_FORMAT = "dwarf-with-dsym";
				ENABLE_NS_ASSERTIONS = NO;
				ENABLE_STRICT_OBJC_MSGSEND = YES;
				GCC_C_LANGUAGE_STANDARD = gnu11;
				GCC_NO_COMMON_BLOCKS = YES;
				GCC_WARN_64_TO_32_BIT_CONVERSION = YES;
				GCC_WARN_ABOUT_RETURN_TYPE = YES_ERROR;
				GCC_WARN_UNDECLARED_SELECTOR = YES;
				GCC_WARN_UNINITIALIZED_AUTOS = YES_AGGRESSIVE;
				GCC_WARN_UNUSED_FUNCTION = YES;
				GCC_WARN_UNUSED_VARIABLE = YES;
				IPHONEOS_DEPLOYMENT_TARGET = 14.5;
				MTL_ENABLE_DEBUG_INFO = NO;
				MTL_FAST_MATH = YES;
				SDKROOT = iphoneos;
				SWIFT_COMPILATION_MODE = wholemodule;
				SWIFT_OPTIMIZATION_LEVEL = "-O";
				VALIDATE_PRODUCT = YES;
			};
			name = Release;
		};
		24BAEF1A26D7C647007FAD03 /* Debug */ = {
			isa = XCBuildConfiguration;
			buildSettings = {
				ASSETCATALOG_COMPILER_APPICON_NAME = AppIcon;
				ASSETCATALOG_COMPILER_GLOBAL_ACCENT_COLOR_NAME = AccentColor;
				CODE_SIGN_STYLE = Automatic;
				DEVELOPMENT_TEAM = P6K8M6RQ2W;
				INFOPLIST_FILE = Kadai7/Info.plist;
				LD_RUNPATH_SEARCH_PATHS = (
					"$(inherited)",
					"@executable_path/Frameworks",
				);
				PRODUCT_BUNDLE_IDENTIFIER = com.r.t.astronomy.Kadai7;
				PRODUCT_NAME = "$(TARGET_NAME)";
				SWIFT_VERSION = 5.0;
				TARGETED_DEVICE_FAMILY = "1,2";
			};
			name = Debug;
		};
		24BAEF1B26D7C647007FAD03 /* Release */ = {
			isa = XCBuildConfiguration;
			buildSettings = {
				ASSETCATALOG_COMPILER_APPICON_NAME = AppIcon;
				ASSETCATALOG_COMPILER_GLOBAL_ACCENT_COLOR_NAME = AccentColor;
				CODE_SIGN_STYLE = Automatic;
				DEVELOPMENT_TEAM = P6K8M6RQ2W;
				INFOPLIST_FILE = Kadai7/Info.plist;
				LD_RUNPATH_SEARCH_PATHS = (
					"$(inherited)",
					"@executable_path/Frameworks",
				);
				PRODUCT_BUNDLE_IDENTIFIER = com.r.t.astronomy.Kadai7;
				PRODUCT_NAME = "$(TARGET_NAME)";
				SWIFT_VERSION = 5.0;
				TARGETED_DEVICE_FAMILY = "1,2";
			};
			name = Release;
		};
		24BAEF1D26D7C647007FAD03 /* Debug */ = {
			isa = XCBuildConfiguration;
			buildSettings = {
				ALWAYS_EMBED_SWIFT_STANDARD_LIBRARIES = YES;
				BUNDLE_LOADER = "$(TEST_HOST)";
				CODE_SIGN_STYLE = Automatic;
				DEVELOPMENT_TEAM = P6K8M6RQ2W;
				INFOPLIST_FILE = Kadai7Tests/Info.plist;
				IPHONEOS_DEPLOYMENT_TARGET = 14.5;
				LD_RUNPATH_SEARCH_PATHS = (
					"$(inherited)",
					"@executable_path/Frameworks",
					"@loader_path/Frameworks",
				);
				PRODUCT_BUNDLE_IDENTIFIER = com.r.t.astronomy.Kadai7Tests;
				PRODUCT_NAME = "$(TARGET_NAME)";
				SWIFT_VERSION = 5.0;
				TARGETED_DEVICE_FAMILY = "1,2";
				TEST_HOST = "$(BUILT_PRODUCTS_DIR)/Kadai7.app/Kadai7";
			};
			name = Debug;
		};
		24BAEF1E26D7C647007FAD03 /* Release */ = {
			isa = XCBuildConfiguration;
			buildSettings = {
				ALWAYS_EMBED_SWIFT_STANDARD_LIBRARIES = YES;
				BUNDLE_LOADER = "$(TEST_HOST)";
				CODE_SIGN_STYLE = Automatic;
				DEVELOPMENT_TEAM = P6K8M6RQ2W;
				INFOPLIST_FILE = Kadai7Tests/Info.plist;
				IPHONEOS_DEPLOYMENT_TARGET = 14.5;
				LD_RUNPATH_SEARCH_PATHS = (
					"$(inherited)",
					"@executable_path/Frameworks",
					"@loader_path/Frameworks",
				);
				PRODUCT_BUNDLE_IDENTIFIER = com.r.t.astronomy.Kadai7Tests;
				PRODUCT_NAME = "$(TARGET_NAME)";
				SWIFT_VERSION = 5.0;
				TARGETED_DEVICE_FAMILY = "1,2";
				TEST_HOST = "$(BUILT_PRODUCTS_DIR)/Kadai7.app/Kadai7";
			};
			name = Release;
		};
		24BAEF2026D7C647007FAD03 /* Debug */ = {
			isa = XCBuildConfiguration;
			buildSettings = {
				ALWAYS_EMBED_SWIFT_STANDARD_LIBRARIES = YES;
				CODE_SIGN_STYLE = Automatic;
				DEVELOPMENT_TEAM = P6K8M6RQ2W;
				INFOPLIST_FILE = Kadai7UITests/Info.plist;
				LD_RUNPATH_SEARCH_PATHS = (
					"$(inherited)",
					"@executable_path/Frameworks",
					"@loader_path/Frameworks",
				);
				PRODUCT_BUNDLE_IDENTIFIER = com.r.t.astronomy.Kadai7UITests;
				PRODUCT_NAME = "$(TARGET_NAME)";
				SWIFT_VERSION = 5.0;
				TARGETED_DEVICE_FAMILY = "1,2";
				TEST_TARGET_NAME = Kadai7;
			};
			name = Debug;
		};
		24BAEF2126D7C647007FAD03 /* Release */ = {
			isa = XCBuildConfiguration;
			buildSettings = {
				ALWAYS_EMBED_SWIFT_STANDARD_LIBRARIES = YES;
				CODE_SIGN_STYLE = Automatic;
				DEVELOPMENT_TEAM = P6K8M6RQ2W;
				INFOPLIST_FILE = Kadai7UITests/Info.plist;
				LD_RUNPATH_SEARCH_PATHS = (
					"$(inherited)",
					"@executable_path/Frameworks",
					"@loader_path/Frameworks",
				);
				PRODUCT_BUNDLE_IDENTIFIER = com.r.t.astronomy.Kadai7UITests;
				PRODUCT_NAME = "$(TARGET_NAME)";
				SWIFT_VERSION = 5.0;
				TARGETED_DEVICE_FAMILY = "1,2";
				TEST_TARGET_NAME = Kadai7;
			};
			name = Release;
		};
/* End XCBuildConfiguration section */

/* Begin XCConfigurationList section */
		24BAEEEA26D7C645007FAD03 /* Build configuration list for PBXProject "Kadai7" */ = {
			isa = XCConfigurationList;
			buildConfigurations = (
				24BAEF1726D7C647007FAD03 /* Debug */,
				24BAEF1826D7C647007FAD03 /* Release */,
			);
			defaultConfigurationIsVisible = 0;
			defaultConfigurationName = Release;
		};
		24BAEF1926D7C647007FAD03 /* Build configuration list for PBXNativeTarget "Kadai7" */ = {
			isa = XCConfigurationList;
			buildConfigurations = (
				24BAEF1A26D7C647007FAD03 /* Debug */,
				24BAEF1B26D7C647007FAD03 /* Release */,
			);
			defaultConfigurationIsVisible = 0;
			defaultConfigurationName = Release;
		};
		24BAEF1C26D7C647007FAD03 /* Build configuration list for PBXNativeTarget "Kadai7Tests" */ = {
			isa = XCConfigurationList;
			buildConfigurations = (
				24BAEF1D26D7C647007FAD03 /* Debug */,
				24BAEF1E26D7C647007FAD03 /* Release */,
			);
			defaultConfigurationIsVisible = 0;
			defaultConfigurationName = Release;
		};
		24BAEF1F26D7C647007FAD03 /* Build configuration list for PBXNativeTarget "Kadai7UITests" */ = {
			isa = XCConfigurationList;
			buildConfigurations = (
				24BAEF2026D7C647007FAD03 /* Debug */,
				24BAEF2126D7C647007FAD03 /* Release */,
			);
			defaultConfigurationIsVisible = 0;
			defaultConfigurationName = Release;
		};
/* End XCConfigurationList section */
	};
	rootObject = 24BAEEE726D7C645007FAD03 /* Project object */;
}
